// !$*UTF8*$!
{
	archiveVersion = 1;
	classes = {
	};
	objectVersion = 77;
	objects = {

/* Begin PBXBuildFile section */
		EF7F1DE52CAB619D00F7A02A /* RealityKitContent in Frameworks */ = {isa = PBXBuildFile; productRef = EF7F1DE42CAB619D00F7A02A /* RealityKitContent */; };
		EF7F1E192CAB63C900F7A02A /* MixedRealityCapture in Frameworks */ = {isa = PBXBuildFile; productRef = EF7F1E182CAB63C900F7A02A /* MixedRealityCapture */; };
		EF7F1E1C2CAB63DF00F7A02A /* Algorithms in Frameworks */ = {isa = PBXBuildFile; productRef = EF7F1E1B2CAB63DF00F7A02A /* Algorithms */; };
		EF7F1E1F2CAB640300F7A02A /* BitCollections in Frameworks */ = {isa = PBXBuildFile; productRef = EF7F1E1E2CAB640300F7A02A /* BitCollections */; };
		EF7F1E212CAB640300F7A02A /* Collections in Frameworks */ = {isa = PBXBuildFile; productRef = EF7F1E202CAB640300F7A02A /* Collections */; };
		EF7F1E232CAB640300F7A02A /* DequeModule in Frameworks */ = {isa = PBXBuildFile; productRef = EF7F1E222CAB640300F7A02A /* DequeModule */; };
		EF7F1E252CAB640300F7A02A /* HashTreeCollections in Frameworks */ = {isa = PBXBuildFile; productRef = EF7F1E242CAB640300F7A02A /* HashTreeCollections */; };
		EF7F1E272CAB640300F7A02A /* HeapModule in Frameworks */ = {isa = PBXBuildFile; productRef = EF7F1E262CAB640300F7A02A /* HeapModule */; };
		EF7F1E292CAB640300F7A02A /* OrderedCollections in Frameworks */ = {isa = PBXBuildFile; productRef = EF7F1E282CAB640300F7A02A /* OrderedCollections */; };
		EF7F1E2B2CAB640300F7A02A /* _RopeModule in Frameworks */ = {isa = PBXBuildFile; productRef = EF7F1E2A2CAB640300F7A02A /* _RopeModule */; };
/* End PBXBuildFile section */

/* Begin PBXFileReference section */
		EF7F1DDF2CAB619D00F7A02A /* MiniBrush.app */ = {isa = PBXFileReference; explicitFileType = wrapper.application; includeInIndex = 0; path = MiniBrush.app; sourceTree = BUILT_PRODUCTS_DIR; };
		EF7F1DE32CAB619D00F7A02A /* RealityKitContent */ = {isa = PBXFileReference; lastKnownFileType = wrapper; path = RealityKitContent; sourceTree = "<group>"; };
/* End PBXFileReference section */

/* Begin PBXFileSystemSynchronizedBuildFileExceptionSet section */
		EF7F1DF62CAB619E00F7A02A /* Exceptions for "MiniBrush" folder in "MiniBrush" target */ = {
			isa = PBXFileSystemSynchronizedBuildFileExceptionSet;
			membershipExceptions = (
				Info.plist,
			);
			target = EF7F1DDE2CAB619D00F7A02A /* MiniBrush */;
		};
/* End PBXFileSystemSynchronizedBuildFileExceptionSet section */

/* Begin PBXFileSystemSynchronizedRootGroup section */
		EF7F1DE12CAB619D00F7A02A /* MiniBrush */ = {
			isa = PBXFileSystemSynchronizedRootGroup;
			exceptions = (
				EF7F1DF62CAB619E00F7A02A /* Exceptions for "MiniBrush" folder in "MiniBrush" target */,
			);
			path = MiniBrush;
			sourceTree = "<group>";
		};
/* End PBXFileSystemSynchronizedRootGroup section */

/* Begin PBXFrameworksBuildPhase section */
		EF7F1DDC2CAB619D00F7A02A /* Frameworks */ = {
			isa = PBXFrameworksBuildPhase;
			buildActionMask = 2147483647;
			files = (
				EF7F1E1F2CAB640300F7A02A /* BitCollections in Frameworks */,
				EF7F1E1C2CAB63DF00F7A02A /* Algorithms in Frameworks */,
				EF7F1E212CAB640300F7A02A /* Collections in Frameworks */,
				EF7F1E252CAB640300F7A02A /* HashTreeCollections in Frameworks */,
				EF7F1E192CAB63C900F7A02A /* MixedRealityCapture in Frameworks */,
				EF7F1E292CAB640300F7A02A /* OrderedCollections in Frameworks */,
				EF7F1DE52CAB619D00F7A02A /* RealityKitContent in Frameworks */,
				EF7F1E272CAB640300F7A02A /* HeapModule in Frameworks */,
				EF7F1E2B2CAB640300F7A02A /* _RopeModule in Frameworks */,
				EF7F1E232CAB640300F7A02A /* DequeModule in Frameworks */,
			);
			runOnlyForDeploymentPostprocessing = 0;
		};
/* End PBXFrameworksBuildPhase section */

/* Begin PBXGroup section */
		EF7F1DD62CAB619D00F7A02A = {
			isa = PBXGroup;
			children = (
				EF7F1DE12CAB619D00F7A02A /* MiniBrush */,
				EF7F1DE22CAB619D00F7A02A /* Packages */,
				EF7F1DE02CAB619D00F7A02A /* Products */,
			);
			sourceTree = "<group>";
		};
		EF7F1DE02CAB619D00F7A02A /* Products */ = {
			isa = PBXGroup;
			children = (
				EF7F1DDF2CAB619D00F7A02A /* MiniBrush.app */,
			);
			name = Products;
			sourceTree = "<group>";
		};
		EF7F1DE22CAB619D00F7A02A /* Packages */ = {
			isa = PBXGroup;
			children = (
				EF7F1DE32CAB619D00F7A02A /* RealityKitContent */,
			);
			path = Packages;
			sourceTree = "<group>";
		};
/* End PBXGroup section */

/* Begin PBXNativeTarget section */
		EF7F1DDE2CAB619D00F7A02A /* MiniBrush */ = {
			isa = PBXNativeTarget;
			buildConfigurationList = EF7F1DF72CAB619E00F7A02A /* Build configuration list for PBXNativeTarget "MiniBrush" */;
			buildPhases = (
				EF7F1DDB2CAB619D00F7A02A /* Sources */,
				EF7F1DDC2CAB619D00F7A02A /* Frameworks */,
				EF7F1DDD2CAB619D00F7A02A /* Resources */,
			);
			buildRules = (
			);
			dependencies = (
			);
			fileSystemSynchronizedGroups = (
				EF7F1DE12CAB619D00F7A02A /* MiniBrush */,
			);
			name = MiniBrush;
			packageProductDependencies = (
				EF7F1DE42CAB619D00F7A02A /* RealityKitContent */,
				EF7F1E182CAB63C900F7A02A /* MixedRealityCapture */,
				EF7F1E1B2CAB63DF00F7A02A /* Algorithms */,
				EF7F1E1E2CAB640300F7A02A /* BitCollections */,
				EF7F1E202CAB640300F7A02A /* Collections */,
				EF7F1E222CAB640300F7A02A /* DequeModule */,
				EF7F1E242CAB640300F7A02A /* HashTreeCollections */,
				EF7F1E262CAB640300F7A02A /* HeapModule */,
				EF7F1E282CAB640300F7A02A /* OrderedCollections */,
				EF7F1E2A2CAB640300F7A02A /* _RopeModule */,
			);
			productName = MiniBrush;
			productReference = EF7F1DDF2CAB619D00F7A02A /* MiniBrush.app */;
			productType = "com.apple.product-type.application";
		};
/* End PBXNativeTarget section */

/* Begin PBXProject section */
		EF7F1DD72CAB619D00F7A02A /* Project object */ = {
			isa = PBXProject;
			attributes = {
				BuildIndependentTargetsInParallel = 1;
				LastSwiftUpdateCheck = 1600;
				LastUpgradeCheck = 1600;
				TargetAttributes = {
					EF7F1DDE2CAB619D00F7A02A = {
						CreatedOnToolsVersion = 16.0;
					};
				};
			};
			buildConfigurationList = EF7F1DDA2CAB619D00F7A02A /* Build configuration list for PBXProject "MiniBrush" */;
			developmentRegion = en;
			hasScannedForEncodings = 0;
			knownRegions = (
				en,
				Base,
			);
			mainGroup = EF7F1DD62CAB619D00F7A02A;
			minimizedProjectReferenceProxies = 1;
			packageReferences = (
				EF7F1E172CAB63C900F7A02A /* XCLocalSwiftPackageReference "../../../RealityMixerVisionPro" */,
				EF7F1E1A2CAB63DF00F7A02A /* XCRemoteSwiftPackageReference "swift-algorithms" */,
				EF7F1E1D2CAB640300F7A02A /* XCRemoteSwiftPackageReference "swift-collections" */,
			);
			preferredProjectObjectVersion = 77;
			productRefGroup = EF7F1DE02CAB619D00F7A02A /* Products */;
			projectDirPath = "";
			projectRoot = "";
			targets = (
				EF7F1DDE2CAB619D00F7A02A /* MiniBrush */,
			);
		};
/* End PBXProject section */

/* Begin PBXResourcesBuildPhase section */
		EF7F1DDD2CAB619D00F7A02A /* Resources */ = {
			isa = PBXResourcesBuildPhase;
			buildActionMask = 2147483647;
			files = (
			);
			runOnlyForDeploymentPostprocessing = 0;
		};
/* End PBXResourcesBuildPhase section */

/* Begin PBXSourcesBuildPhase section */
		EF7F1DDB2CAB619D00F7A02A /* Sources */ = {
			isa = PBXSourcesBuildPhase;
			buildActionMask = 2147483647;
			files = (
			);
			runOnlyForDeploymentPostprocessing = 0;
		};
/* End PBXSourcesBuildPhase section */

/* Begin XCBuildConfiguration section */
		EF7F1DF82CAB619E00F7A02A /* Debug */ = {
			isa = XCBuildConfiguration;
			buildSettings = {
				ASSETCATALOG_COMPILER_APPICON_NAME = AppIcon;
				ASSETCATALOG_COMPILER_GLOBAL_ACCENT_COLOR_NAME = AccentColor;
				CODE_SIGN_STYLE = Automatic;
				CURRENT_PROJECT_VERSION = 1;
				DEVELOPMENT_ASSET_PATHS = "";
				DEVELOPMENT_TEAM = ZTJ55TM37B;
				ENABLE_PREVIEWS = YES;
				GENERATE_INFOPLIST_FILE = YES;
				INFOPLIST_FILE = "$(TARGET_NAME)/Info.plist";
				LD_RUNPATH_SEARCH_PATHS = (
					"$(inherited)",
					"@executable_path/Frameworks",
				);
				MARKETING_VERSION = 1.0;
				PRODUCT_BUNDLE_IDENTIFIER = com.bluenose.MiniBrush;
				PRODUCT_NAME = "$(TARGET_NAME)";
				SUPPORTED_PLATFORMS = "xros xrsimulator";
				SWIFT_EMIT_LOC_STRINGS = YES;
				SWIFT_OBJC_BRIDGING_HEADER = "$(SRCROOT)/MiniBrush/MiniBrush_BridgingHeader.h";
				SWIFT_VERSION = 5.0;
				TARGETED_DEVICE_FAMILY = 7;
			};
			name = Debug;
		};
		EF7F1DF92CAB619E00F7A02A /* Release */ = {
			isa = XCBuildConfiguration;
			buildSettings = {
				ASSETCATALOG_COMPILER_APPICON_NAME = AppIcon;
				ASSETCATALOG_COMPILER_GLOBAL_ACCENT_COLOR_NAME = AccentColor;
				CODE_SIGN_STYLE = Automatic;
				CURRENT_PROJECT_VERSION = 1;
				DEVELOPMENT_ASSET_PATHS = "";
				DEVELOPMENT_TEAM = ZTJ55TM37B;
				ENABLE_PREVIEWS = YES;
				GENERATE_INFOPLIST_FILE = YES;
				INFOPLIST_FILE = "$(TARGET_NAME)/Info.plist";
				LD_RUNPATH_SEARCH_PATHS = (
					"$(inherited)",
					"@executable_path/Frameworks",
				);
				MARKETING_VERSION = 1.0;
				PRODUCT_BUNDLE_IDENTIFIER = com.bluenose.MiniBrush;
				PRODUCT_NAME = "$(TARGET_NAME)";
				SUPPORTED_PLATFORMS = "xros xrsimulator";
				SWIFT_EMIT_LOC_STRINGS = YES;
				SWIFT_OBJC_BRIDGING_HEADER = "$(SRCROOT)/MiniBrush/MiniBrush_BridgingHeader.h";
				SWIFT_VERSION = 5.0;
				TARGETED_DEVICE_FAMILY = 7;
			};
			name = Release;
		};
		EF7F1DFA2CAB619E00F7A02A /* Debug */ = {
			isa = XCBuildConfiguration;
			buildSettings = {
				ALWAYS_SEARCH_USER_PATHS = NO;
				ASSETCATALOG_COMPILER_GENERATE_SWIFT_ASSET_SYMBOL_EXTENSIONS = YES;
				CLANG_ANALYZER_NONNULL = YES;
				CLANG_ANALYZER_NUMBER_OBJECT_CONVERSION = YES_AGGRESSIVE;
				CLANG_CXX_LANGUAGE_STANDARD = "gnu++20";
				CLANG_ENABLE_MODULES = YES;
				CLANG_ENABLE_OBJC_ARC = YES;
				CLANG_ENABLE_OBJC_WEAK = YES;
				CLANG_WARN_BLOCK_CAPTURE_AUTORELEASING = YES;
				CLANG_WARN_BOOL_CONVERSION = YES;
				CLANG_WARN_COMMA = YES;
				CLANG_WARN_CONSTANT_CONVERSION = YES;
				CLANG_WARN_DEPRECATED_OBJC_IMPLEMENTATIONS = YES;
				CLANG_WARN_DIRECT_OBJC_ISA_USAGE = YES_ERROR;
				CLANG_WARN_DOCUMENTATION_COMMENTS = YES;
				CLANG_WARN_EMPTY_BODY = YES;
				CLANG_WARN_ENUM_CONVERSION = YES;
				CLANG_WARN_INFINITE_RECURSION = YES;
				CLANG_WARN_INT_CONVERSION = YES;
				CLANG_WARN_NON_LITERAL_NULL_CONVERSION = YES;
				CLANG_WARN_OBJC_IMPLICIT_RETAIN_SELF = YES;
				CLANG_WARN_OBJC_LITERAL_CONVERSION = YES;
				CLANG_WARN_OBJC_ROOT_CLASS = YES_ERROR;
				CLANG_WARN_QUOTED_INCLUDE_IN_FRAMEWORK_HEADER = YES;
				CLANG_WARN_RANGE_LOOP_ANALYSIS = YES;
				CLANG_WARN_STRICT_PROTOTYPES = YES;
				CLANG_WARN_SUSPICIOUS_MOVE = YES;
				CLANG_WARN_UNGUARDED_AVAILABILITY = YES_AGGRESSIVE;
				CLANG_WARN_UNREACHABLE_CODE = YES;
				CLANG_WARN__DUPLICATE_METHOD_MATCH = YES;
				COPY_PHASE_STRIP = NO;
				DEBUG_INFORMATION_FORMAT = dwarf;
				ENABLE_STRICT_OBJC_MSGSEND = YES;
				ENABLE_TESTABILITY = YES;
				ENABLE_USER_SCRIPT_SANDBOXING = YES;
				GCC_C_LANGUAGE_STANDARD = gnu17;
				GCC_DYNAMIC_NO_PIC = NO;
				GCC_NO_COMMON_BLOCKS = YES;
				GCC_OPTIMIZATION_LEVEL = 0;
				GCC_PREPROCESSOR_DEFINITIONS = (
					"DEBUG=1",
					"$(inherited)",
				);
				GCC_WARN_64_TO_32_BIT_CONVERSION = YES;
				GCC_WARN_ABOUT_RETURN_TYPE = YES_ERROR;
				GCC_WARN_UNDECLARED_SELECTOR = YES;
				GCC_WARN_UNINITIALIZED_AUTOS = YES_AGGRESSIVE;
				GCC_WARN_UNUSED_FUNCTION = YES;
				GCC_WARN_UNUSED_VARIABLE = YES;
				LOCALIZATION_PREFERS_STRING_CATALOGS = YES;
				MTL_ENABLE_DEBUG_INFO = INCLUDE_SOURCE;
				MTL_FAST_MATH = YES;
				ONLY_ACTIVE_ARCH = YES;
				SDKROOT = xros;
				SWIFT_ACTIVE_COMPILATION_CONDITIONS = "DEBUG $(inherited)";
				SWIFT_OPTIMIZATION_LEVEL = "-Onone";
				XROS_DEPLOYMENT_TARGET = 2.0;
			};
			name = Debug;
		};
		EF7F1DFB2CAB619E00F7A02A /* Release */ = {
			isa = XCBuildConfiguration;
			buildSettings = {
				ALWAYS_SEARCH_USER_PATHS = NO;
				ASSETCATALOG_COMPILER_GENERATE_SWIFT_ASSET_SYMBOL_EXTENSIONS = YES;
				CLANG_ANALYZER_NONNULL = YES;
				CLANG_ANALYZER_NUMBER_OBJECT_CONVERSION = YES_AGGRESSIVE;
				CLANG_CXX_LANGUAGE_STANDARD = "gnu++20";
				CLANG_ENABLE_MODULES = YES;
				CLANG_ENABLE_OBJC_ARC = YES;
				CLANG_ENABLE_OBJC_WEAK = YES;
				CLANG_WARN_BLOCK_CAPTURE_AUTORELEASING = YES;
				CLANG_WARN_BOOL_CONVERSION = YES;
				CLANG_WARN_COMMA = YES;
				CLANG_WARN_CONSTANT_CONVERSION = YES;
				CLANG_WARN_DEPRECATED_OBJC_IMPLEMENTATIONS = YES;
				CLANG_WARN_DIRECT_OBJC_ISA_USAGE = YES_ERROR;
				CLANG_WARN_DOCUMENTATION_COMMENTS = YES;
				CLANG_WARN_EMPTY_BODY = YES;
				CLANG_WARN_ENUM_CONVERSION = YES;
				CLANG_WARN_INFINITE_RECURSION = YES;
				CLANG_WARN_INT_CONVERSION = YES;
				CLANG_WARN_NON_LITERAL_NULL_CONVERSION = YES;
				CLANG_WARN_OBJC_IMPLICIT_RETAIN_SELF = YES;
				CLANG_WARN_OBJC_LITERAL_CONVERSION = YES;
				CLANG_WARN_OBJC_ROOT_CLASS = YES_ERROR;
				CLANG_WARN_QUOTED_INCLUDE_IN_FRAMEWORK_HEADER = YES;
				CLANG_WARN_RANGE_LOOP_ANALYSIS = YES;
				CLANG_WARN_STRICT_PROTOTYPES = YES;
				CLANG_WARN_SUSPICIOUS_MOVE = YES;
				CLANG_WARN_UNGUARDED_AVAILABILITY = YES_AGGRESSIVE;
				CLANG_WARN_UNREACHABLE_CODE = YES;
				CLANG_WARN__DUPLICATE_METHOD_MATCH = YES;
				COPY_PHASE_STRIP = NO;
				DEBUG_INFORMATION_FORMAT = "dwarf-with-dsym";
				ENABLE_NS_ASSERTIONS = NO;
				ENABLE_STRICT_OBJC_MSGSEND = YES;
				ENABLE_USER_SCRIPT_SANDBOXING = YES;
				GCC_C_LANGUAGE_STANDARD = gnu17;
				GCC_NO_COMMON_BLOCKS = YES;
				GCC_WARN_64_TO_32_BIT_CONVERSION = YES;
				GCC_WARN_ABOUT_RETURN_TYPE = YES_ERROR;
				GCC_WARN_UNDECLARED_SELECTOR = YES;
				GCC_WARN_UNINITIALIZED_AUTOS = YES_AGGRESSIVE;
				GCC_WARN_UNUSED_FUNCTION = YES;
				GCC_WARN_UNUSED_VARIABLE = YES;
				LOCALIZATION_PREFERS_STRING_CATALOGS = YES;
				MTL_ENABLE_DEBUG_INFO = NO;
				MTL_FAST_MATH = YES;
				SDKROOT = xros;
				SWIFT_COMPILATION_MODE = wholemodule;
				VALIDATE_PRODUCT = YES;
				XROS_DEPLOYMENT_TARGET = 2.0;
			};
			name = Release;
		};
/* End XCBuildConfiguration section */

/* Begin XCConfigurationList section */
		EF7F1DDA2CAB619D00F7A02A /* Build configuration list for PBXProject "MiniBrush" */ = {
			isa = XCConfigurationList;
			buildConfigurations = (
				EF7F1DFA2CAB619E00F7A02A /* Debug */,
				EF7F1DFB2CAB619E00F7A02A /* Release */,
			);
			defaultConfigurationIsVisible = 0;
			defaultConfigurationName = Release;
		};
		EF7F1DF72CAB619E00F7A02A /* Build configuration list for PBXNativeTarget "MiniBrush" */ = {
			isa = XCConfigurationList;
			buildConfigurations = (
				EF7F1DF82CAB619E00F7A02A /* Debug */,
				EF7F1DF92CAB619E00F7A02A /* Release */,
			);
			defaultConfigurationIsVisible = 0;
			defaultConfigurationName = Release;
		};
/* End XCConfigurationList section */

/* Begin XCLocalSwiftPackageReference section */
		EF7F1E172CAB63C900F7A02A /* XCLocalSwiftPackageReference "../../../RealityMixerVisionPro" */ = {
			isa = XCLocalSwiftPackageReference;
			relativePath = ../../../RealityMixerVisionPro;
		};
/* End XCLocalSwiftPackageReference section */

/* Begin XCRemoteSwiftPackageReference section */
		EF7F1E1A2CAB63DF00F7A02A /* XCRemoteSwiftPackageReference "swift-algorithms" */ = {
			isa = XCRemoteSwiftPackageReference;
			repositoryURL = "https://github.com/apple/swift-algorithms.git";
			requirement = {
				kind = upToNextMajorVersion;
				minimumVersion = 1.2.0;
			};
		};
		EF7F1E1D2CAB640300F7A02A /* XCRemoteSwiftPackageReference "swift-collections" */ = {
			isa = XCRemoteSwiftPackageReference;
			repositoryURL = "https://github.com/apple/swift-collections.git";
			requirement = {
				kind = upToNextMajorVersion;
				minimumVersion = 1.1.4;
			};
		};
/* End XCRemoteSwiftPackageReference section */

/* Begin XCSwiftPackageProductDependency section */
		EF7F1DE42CAB619D00F7A02A /* RealityKitContent */ = {
			isa = XCSwiftPackageProductDependency;
			productName = RealityKitContent;
		};
		EF7F1E182CAB63C900F7A02A /* MixedRealityCapture */ = {
			isa = XCSwiftPackageProductDependency;
			productName = MixedRealityCapture;
		};
		EF7F1E1B2CAB63DF00F7A02A /* Algorithms */ = {
			isa = XCSwiftPackageProductDependency;
			package = EF7F1E1A2CAB63DF00F7A02A /* XCRemoteSwiftPackageReference "swift-algorithms" */;
			productName = Algorithms;
		};
		EF7F1E1E2CAB640300F7A02A /* BitCollections */ = {
			isa = XCSwiftPackageProductDependency;
			package = EF7F1E1D2CAB640300F7A02A /* XCRemoteSwiftPackageReference "swift-collections" */;
			productName = BitCollections;
		};
		EF7F1E202CAB640300F7A02A /* Collections */ = {
			isa = XCSwiftPackageProductDependency;
			package = EF7F1E1D2CAB640300F7A02A /* XCRemoteSwiftPackageReference "swift-collections" */;
			productName = Collections;
		};
		EF7F1E222CAB640300F7A02A /* DequeModule */ = {
			isa = XCSwiftPackageProductDependency;
			package = EF7F1E1D2CAB640300F7A02A /* XCRemoteSwiftPackageReference "swift-collections" */;
			productName = DequeModule;
		};
		EF7F1E242CAB640300F7A02A /* HashTreeCollections */ = {
			isa = XCSwiftPackageProductDependency;
			package = EF7F1E1D2CAB640300F7A02A /* XCRemoteSwiftPackageReference "swift-collections" */;
			productName = HashTreeCollections;
		};
		EF7F1E262CAB640300F7A02A /* HeapModule */ = {
			isa = XCSwiftPackageProductDependency;
			package = EF7F1E1D2CAB640300F7A02A /* XCRemoteSwiftPackageReference "swift-collections" */;
			productName = HeapModule;
		};
		EF7F1E282CAB640300F7A02A /* OrderedCollections */ = {
			isa = XCSwiftPackageProductDependency;
			package = EF7F1E1D2CAB640300F7A02A /* XCRemoteSwiftPackageReference "swift-collections" */;
			productName = OrderedCollections;
		};
		EF7F1E2A2CAB640300F7A02A /* _RopeModule */ = {
			isa = XCSwiftPackageProductDependency;
			package = EF7F1E1D2CAB640300F7A02A /* XCRemoteSwiftPackageReference "swift-collections" */;
			productName = _RopeModule;
		};
/* End XCSwiftPackageProductDependency section */
	};
	rootObject = EF7F1DD72CAB619D00F7A02A /* Project object */;
}
